
Microsoft Visual Studio Solution File, Format Version 12.00
# Visual Studio Version 17
VisualStudioVersion = 17.3.32922.545
MinimumVisualStudioVersion = 10.0.40219.1
Project("{FAE04EC0-301F-11D3-BF4B-00C04F79EFBC}") = "MvxNoSplash.Core", "MvxNoSplash.Core\MvxNoSplash.Core.csproj", "{8A1999E4-E94C-46D6-A0E9-D09237C4F5CD}"
EndProject
Project("{FAE04EC0-301F-11D3-BF4B-00C04F79EFBC}") = "MvxNoSplash.Android", "MvxNoSplash.Android\MvxNoSplash.Android.csproj", "{FB36F10B-73E6-4D2E-B806-979A9510B8F5}"
EndProject
Global
	GlobalSection(SolutionConfigurationPlatforms) = preSolution
		Debug|Any CPU = Debug|Any CPU
		Release|Any CPU = Release|Any CPU
	EndGlobalSection
	GlobalSection(ProjectConfigurationPlatforms) = postSolution
		{8A1999E4-E94C-46D6-A0E9-D09237C4F5CD}.Debug|Any CPU.ActiveCfg = Debug|Any CPU
		{8A1999E4-E94C-46D6-A0E9-D09237C4F5CD}.Debug|Any CPU.Build.0 = Debug|Any CPU
		{8A1999E4-E94C-46D6-A0E9-D09237C4F5CD}.Release|Any CPU.ActiveCfg = Release|Any CPU
		{8A1999E4-E94C-46D6-A0E9-D09237C4F5CD}.Release|Any CPU.Build.0 = Release|Any CPU
		{FB36F10B-73E6-4D2E-B806-979A9510B8F5}.Debug|Any CPU.ActiveCfg = Debug|Any CPU
		{FB36F10B-73E6-4D2E-B806-979A9510B8F5}.Debug|Any CPU.Build.0 = Debug|Any CPU
		{FB36F10B-73E6-4D2E-B806-979A9510B8F5}.Debug|Any CPU.Deploy.0 = Debug|Any CPU
		{FB36F10B-73E6-4D2E-B806-979A9510B8F5}.Release|Any CPU.ActiveCfg = Release|Any CPU
		{FB36F10B-73E6-4D2E-B806-979A9510B8F5}.Release|Any CPU.Build.0 = Release|Any CPU
		{FB36F10B-73E6-4D2E-B806-979A9510B8F5}.Release|Any CPU.Deploy.0 = Release|Any CPU
	EndGlobalSection
	GlobalSection(SolutionProperties) = preSolution
		HideSolutionNode = FALSE
	EndGlobalSection
	GlobalSection(ExtensibilityGlobals) = postSolution
		SolutionGuid = {9544388F-4D8B-4EC5-94C9-7F4F7BB4B8B8}
	EndGlobalSection
EndGlobal
